PODS:
  - Alamofire (4.0.0)
  - EZSwiftExtensions (1.8)
  - Kingfisher (3.2.4)
  - MagicalRecord (2.3.2):
    - MagicalRecord/Core (= 2.3.2)
  - MagicalRecord/Core (2.3.2)
  - PromiseKit (4.1.0):
    - PromiseKit/Foundation (= 4.1.0)
    - PromiseKit/QuartzCore (= 4.1.0)
    - PromiseKit/UIKit (= 4.1.0)
  - PromiseKit/CorePromise (4.1.0)
  - PromiseKit/Foundation (4.1.0):
    - PromiseKit/CorePromise
  - PromiseKit/QuartzCore (4.1.0):
    - PromiseKit/CorePromise
  - PromiseKit/UIKit (4.1.0):
    - PromiseKit/CorePromise
  - SwiftLocation (1.1.1)
  - SwiftyJSON (3.0.0)

DEPENDENCIES:
  - Alamofire (= 4.0.0)
  - EZSwiftExtensions
  - Kingfisher
  - MagicalRecord
  - PromiseKit (~> 4.0)
  - SwiftLocation (>= 1.0.6)
  - SwiftyJSON (from `https://github.com/appsailor/SwiftyJSON.git`, branch `swift3`)

EXTERNAL SOURCES:
  SwiftyJSON:
    :branch: swift3
    :git: https://github.com/appsailor/SwiftyJSON.git

CHECKOUT OPTIONS:
  SwiftyJSON:
    :commit: de73429b38b8994f614fb27c5ec094bb8a4833f2
    :git: https://github.com/appsailor/SwiftyJSON.git

SPEC CHECKSUMS:
  Alamofire: fef59f00388f267e52d9b432aa5d93dc97190f14
  EZSwiftExtensions: b58e0fe7702e30c4f01bd039658fe84b4fdf5bd5
  Kingfisher: 8d80f39da403cd9c9ee11984e1655f4d6a566cdb
  MagicalRecord: 53bed74b4323b930992a725be713e53b37d19755
  PromiseKit: c98453ff78544c0ad5bb0ea980782e6875f47978
  SwiftLocation: aac16955b508c46b82bf07fcceb7e2a3b382b8d5
  SwiftyJSON: f57b2b44bc166617372d1c70773591fe9f0f5fd4

PODFILE CHECKSUM: 50ee4aed67cd812c7a0599aabe19b381f96c132c

COCOAPODS: 1.1.1
